{
    "_meta": {
        "hash": {
            "sha256": "430e98e8d2a307622f8ce7ca6b8530acfe9b022a9c48ca6ad37044d796438eb9"
        },
        "pipfile-spec": 6,
        "requires": {
            "python_version": "3.9"
        },
        "sources": [
            {
                "name": "pypi",
                "url": "https://pypi.org/simple",
                "verify_ssl": true
            }
        ]
    },
    "default": {
        "appnope": {
            "hashes": [
                "sha256:02bd91c4de869fbb1e1c50aafc4098827a7a54ab2f39d9dcba6c9547ed920e24",
                "sha256:265a455292d0bd8a72453494fa24df5a11eb18373a60c7c0430889f22548605e"
            ],
            "markers": "sys_platform == 'darwin'",
            "version": "==0.1.3"
        },
        "asttokens": {
            "hashes": [
                "sha256:c61e16246ecfb2cde2958406b4c8ebc043c9e6d73aaa83c941673b35e5d3a76b",
                "sha256:e3305297c744ae53ffa032c45dc347286165e4ffce6875dc662b205db0623d86"
            ],
            "version": "==2.0.8"
        },
        "backcall": {
            "hashes": [
                "sha256:5cbdbf27be5e7cfadb448baf0aa95508f91f2bbc6c6437cd9cd06e2a4c215e1e",
                "sha256:fbbce6a29f263178a1f7915c1940bde0ec2b2a967566fe1c65c1dfb7422bd255"
            ],
            "version": "==0.2.0"
        },
        "coloredlogs": {
            "hashes": [
                "sha256:612ee75c546f53e92e70049c9dbfcc18c935a2b9a53b66085ce9ef6a6e5c0934",
                "sha256:7c991aa71a4577af2f82600d8f8f3a89f936baeaf9b50a9c197da014e5bf16b0"
            ],
            "markers": "python_version >= '2.7' and python_version not in '3.0, 3.1, 3.2, 3.3, 3.4'",
            "version": "==15.0.1"
        },
        "decorator": {
            "hashes": [
                "sha256:637996211036b6385ef91435e4fae22989472f9d571faba8927ba8253acbc330",
                "sha256:b8c3f85900b9dc423225913c5aace94729fe1fa9763b38939a95226f02d37186"
            ],
            "markers": "python_version >= '3.5'",
            "version": "==5.1.1"
        },
        "executing": {
            "hashes": [
                "sha256:9c745f80cda11eb22b62cbecf21156491a794eb56ab06f9d286a44e62822b24e",
                "sha256:d1cd87c2e371e9966261410c5b3769d6df2f9e4a79a83eebd2662dd3388f9833"
            ],
            "version": "==0.10.0"
        },
        "flatbuffers": {
            "hashes": [
                "sha256:12158ab0272375eab8db2d663ae97370c33f152b27801fa6024e1d6105fd4dd2",
                "sha256:3751954f0604580d3219ae49a85fafec9d85eec599c0b96226e1bc0b48e57474"
            ],
            "version": "==2.0"
        },
        "humanfriendly": {
            "hashes": [
                "sha256:1697e1a8a8f550fd43c2865cd84542fc175a61dcb779b6fee18cf6b6ccba1477",
                "sha256:6b0b831ce8f15f7300721aa49829fc4e83921a9a301cc7f606be6686a2288ddc"
            ],
            "markers": "python_version >= '2.7' and python_version not in '3.0, 3.1, 3.2, 3.3, 3.4'",
            "version": "==10.0"
        },
        "ipython": {
            "hashes": [
                "sha256:7ca74052a38fa25fe9bedf52da0be7d3fdd2fb027c3b778ea78dfe8c212937d1",
                "sha256:f2db3a10254241d9b447232cec8b424847f338d9d36f9a577a6192c332a46abd"
            ],
            "index": "pypi",
            "version": "==8.4.0"
        },
        "jedi": {
            "hashes": [
                "sha256:637c9635fcf47945ceb91cd7f320234a7be540ded6f3e99a50cb6febdfd1ba8d",
                "sha256:74137626a64a99c8eb6ae5832d99b3bdd7d29a3850fe2aa80a4126b2a7d949ab"
            ],
            "markers": "python_version >= '3.6'",
            "version": "==0.18.1"
        },
        "matplotlib-inline": {
            "hashes": [
                "sha256:a68624e181d5b272bbfbaadb44412c9d3c9ebbcb703404502b9c937afc377ff5",
                "sha256:a728d796a1a44265b310340ef04ba8aba4e89dcb76dfdd1272becab4923dd867"
            ],
            "markers": "python_version >= '3.5'",
            "version": "==0.1.5"
        },
        "mpmath": {
            "hashes": [
                "sha256:604bc21bd22d2322a177c73bdb573994ef76e62edd595d17e00aff24b0667e5c",
                "sha256:79ffb45cf9f4b101a807595bcb3e72e0396202e0b1d25d689134b48c4216a81a"
            ],
            "version": "==1.2.1"
        },
        "numpy": {
            "hashes": [
                "sha256:17e5226674f6ea79e14e3b91bfbc153fdf3ac13f5cc54ee7bc8fdbe820a32da0",
                "sha256:2bd879d3ca4b6f39b7770829f73278b7c5e248c91d538aab1e506c628353e47f",
                "sha256:4f41f5bf20d9a521f8cab3a34557cd77b6f205ab2116651f12959714494268b0",
                "sha256:5593f67e66dea4e237f5af998d31a43e447786b2154ba1ad833676c788f37cde",
                "sha256:5e28cd64624dc2354a349152599e55308eb6ca95a13ce6a7d5679ebff2962913",
                "sha256:633679a472934b1c20a12ed0c9a6c9eb167fbb4cb89031939bfd03dd9dbc62b8",
                "sha256:806970e69106556d1dd200e26647e9bee5e2b3f1814f9da104a943e8d548ca38",
                "sha256:806cc25d5c43e240db709875e947076b2826f47c2c340a5a2f36da5bb10c58d6",
                "sha256:8247f01c4721479e482cc2f9f7d973f3f47810cbc8c65e38fd1bbd3141cc9842",
                "sha256:8ebf7e194b89bc66b78475bd3624d92980fca4e5bb86dda08d677d786fefc414",
                "sha256:8ecb818231afe5f0f568c81f12ce50f2b828ff2b27487520d85eb44c71313b9e",
                "sha256:8f9d84a24889ebb4c641a9b99e54adb8cab50972f0166a3abc14c3b93163f074",
                "sha256:909c56c4d4341ec8315291a105169d8aae732cfb4c250fbc375a1efb7a844f8f",
                "sha256:9b83d48e464f393d46e8dd8171687394d39bc5abfe2978896b77dc2604e8635d",
                "sha256:ac987b35df8c2a2eab495ee206658117e9ce867acf3ccb376a19e83070e69418",
                "sha256:b78d00e48261fbbd04aa0d7427cf78d18401ee0abd89c7559bbf422e5b1c7d01",
                "sha256:b8b97a8a87cadcd3f94659b4ef6ec056261fa1e1c3317f4193ac231d4df70215",
                "sha256:bd5b7ccae24e3d8501ee5563e82febc1771e73bd268eef82a1e8d2b4d556ae66",
                "sha256:bdc02c0235b261925102b1bd586579b7158e9d0d07ecb61148a1799214a4afd5",
                "sha256:be6b350dfbc7f708d9d853663772a9310783ea58f6035eec649fb9c4371b5389",
                "sha256:c403c81bb8ffb1c993d0165a11493fd4bf1353d258f6997b3ee288b0a48fce77",
                "sha256:cf8c6aed12a935abf2e290860af8e77b26a042eb7f2582ff83dc7ed5f963340c",
                "sha256:d98addfd3c8728ee8b2c49126f3c44c703e2b005d4a95998e2167af176a9e722",
                "sha256:dc76bca1ca98f4b122114435f83f1fcf3c0fe48e4e6f660e07996abf2f53903c",
                "sha256:dec198619b7dbd6db58603cd256e092bcadef22a796f778bf87f8592b468441d",
                "sha256:df28dda02c9328e122661f399f7655cdcbcf22ea42daa3650a26bce08a187450",
                "sha256:e603ca1fb47b913942f3e660a15e55a9ebca906857edfea476ae5f0fe9b457d5",
                "sha256:ecfdd68d334a6b97472ed032b5b37a30d8217c097acfff15e8452c710e775524"
            ],
            "markers": "python_version >= '3.8'",
            "version": "==1.23.2"
        },
        "onnxruntime": {
            "hashes": [
                "sha256:00b07118bfe8beb44d6028813f14f1bfe4bd7896ac49be3ad9d76102f11ba744",
                "sha256:0a376399d21ea070a173c81aae0901012955afd0acc9e5574d7f22d54ceaff65",
                "sha256:0ee2f32e4427005c788ed0c081dc74846b7417600705610648cfe7062c2270e8",
                "sha256:25179f463e8f641f7f37963dd13e3561f64d0f733287f3e740352ccba440e9f7",
                "sha256:2715aa4d0bc03acf92c79df3d52e7435ea9da3ab2ed2208ad66534a51d2e5de9",
                "sha256:3b24c6323e7ae328ede4f76ccf7eb014ce29493cca013edee453e2ff342499b3",
                "sha256:4749a89d2f820ae5d80704a55fedd233fa54dd2adaecf4423435eb68207dace7",
                "sha256:51a8777018e464b9ba8091c028c53c9f399d64a5994a9ff9f17e88969e62bbe2",
                "sha256:64152aae1c6ffd74598775c775b86407df7c4aea01f418db672c0d9d86f641f6",
                "sha256:65bdbb27ea50f0f84c2039ea66e97363c6a31022965575bca8e5f220a40b0c5c",
                "sha256:76bbd92cbcc5b6b0f893565f072e33f921ae3350a77b74fb7c65757e683516c7",
                "sha256:7d9578da310f324eb7fb4014458a50f53e2cbe1eaa98a5ac521675ad7158ca21",
                "sha256:84176d930aabbdc6ad93021cf416e58af6a88f1c43a5d921f0b02c82c0491cd1",
                "sha256:8c7caab808df8fa323e1cfaced9785cd068d54701f3bf78ae8733e702a053ff4",
                "sha256:92d28a7bd547290c0e47d60ca64c52b4976a9bd51622bd83be85bccce316f413",
                "sha256:977e4388c773a14cf2f71c6f4ac4f039691ab3ac7ade4e13e7f019d752eaa053",
                "sha256:98bb8920036b6ae1bc71af1bb061cd42297717a4b25c0ba521f3471ef946e4f2",
                "sha256:9bd0ab5b99ef0d34331fd871603a3fd5f375fb0518bfc5ca09ce48194a813dfa",
                "sha256:9c28b8c06df60f986693d35aecc33d9edd494db53ab7915bbe9830c20471d654",
                "sha256:a5c4f5332083dd3815b78ddb16d4a0cf4907a59edd956bcfe53992b71b8feac1",
                "sha256:a9954f6ffab4a0a3877a4800d817950a236a6db4901399eec1ea52033f52da94",
                "sha256:aa5e0653fb7e1a24bb73a378f208b8fd9a7b1622f89f26be093efd93a4fe4f25",
                "sha256:c79b15b9136e68eafc0badc88d306c6c794611857c2b573d9cd8ee1dfaf25619",
                "sha256:e987ca0206a6dda3d0b70bb3ebee3dc5ff9ea59c6caa7c6586ce5bac87a7f0e3",
                "sha256:ef3e24a703fb4896bd0e360dfa4fadd6b2b57f64a05b040e01ab717c4e2d5a0c",
                "sha256:f0104e0e8327c8468d646941540af9397b737155dffe078da4bf36da95d1c21e",
                "sha256:ff9da60be6c5800dcc10c52dd54aa07ab9a0d86c1e99649881bee9d9838031e0"
            ],
            "index": "pypi",
            "version": "==1.12.1"
        },
        "packaging": {
            "hashes": [
                "sha256:dd47c42927d89ab911e606518907cc2d3a1f38bbd026385970643f9c5b8ecfeb",
                "sha256:ef103e05f519cdc783ae24ea4e2e0f508a9c99b2d4969652eed6a2e1ea5bd522"
            ],
            "markers": "python_version >= '3.6'",
            "version": "==21.3"
        },
        "parso": {
            "hashes": [
                "sha256:8c07be290bb59f03588915921e29e8a50002acaf2cdc5fa0e0114f91709fafa0",
                "sha256:c001d4636cd3aecdaf33cbb40aebb59b094be2a74c556778ef5576c175e19e75"
            ],
            "markers": "python_version >= '3.6'",
            "version": "==0.8.3"
        },
        "pexpect": {
            "hashes": [
                "sha256:0b48a55dcb3c05f3329815901ea4fc1537514d6ba867a152b581d69ae3710937",
                "sha256:fc65a43959d153d0114afe13997d439c22823a27cefceb5ff35c2178c6784c0c"
            ],
            "markers": "sys_platform != 'win32'",
            "version": "==4.8.0"
        },
        "pickleshare": {
            "hashes": [
                "sha256:87683d47965c1da65cdacaf31c8441d12b8044cdec9aca500cd78fc2c683afca",
                "sha256:9649af414d74d4df115d5d718f82acb59c9d418196b7b4290ed47a12ce62df56"
            ],
            "version": "==0.7.5"
        },
        "prompt-toolkit": {
            "hashes": [
                "sha256:859b283c50bde45f5f97829f77a4674d1c1fcd88539364f1b28a37805cfd89c0",
                "sha256:d8916d3f62a7b67ab353a952ce4ced6a1d2587dfe9ef8ebc30dd7c386751f289"
            ],
            "markers": "python_full_version >= '3.6.2'",
            "version": "==3.0.30"
        },
        "protobuf": {
            "hashes": [
                "sha256:011c0f267e85f5d73750b6c25f0155d5db1e9443cd3590ab669a6221dd8fcdb0",
                "sha256:3ec6f5b37935406bb9df9b277e79f8ed81d697146e07ef2ba8a5a272fb24b2c9",
                "sha256:5310cbe761e87f0c1decce019d23f2101521d4dfff46034f8a12a53546036ec7",
                "sha256:5e0b272217aad8971763960238c1a1e6a65d50ef7824e23300da97569a251c55",
                "sha256:5e0ce02418ef03d7657a420ae8fd6fec4995ac713a3cb09164e95f694dbcf085",
                "sha256:5eb0724615e90075f1d763983e708e1cef08e66b1891d8b8b6c33bc3b2f1a02b",
                "sha256:7b6f22463e2d1053d03058b7b4ceca6e4ed4c14f8c286c32824df751137bf8e7",
                "sha256:a7faa62b183d6a928e3daffd06af843b4287d16ef6e40f331575ecd236a7974d",
                "sha256:b04484d6f42f48c57dd2737a72692f4c6987529cdd148fb5b8e5f616862a2e37",
                "sha256:b52e7a522911a40445a5f588bd5b5e584291bfc5545e09b7060685e4b2ff814f",
                "sha256:bf711b451212dc5b0fa45ae7dada07d8e71a4b0ff0bc8e4783ee145f47ac4f82",
                "sha256:e5c5a2886ae48d22a9d32fbb9b6636a089af3cd26b706750258ce1ca96cc0116",
                "sha256:eb1106e87e095628e96884a877a51cdb90087106ee693925ec0a300468a9be3a",
                "sha256:ee04f5823ed98bb9a8c3b1dc503c49515e0172650875c3f76e225b223793a1f2"
            ],
            "markers": "python_version >= '3.7'",
            "version": "==4.21.5"
        },
        "ptyprocess": {
            "hashes": [
                "sha256:4b41f3967fce3af57cc7e94b888626c18bf37a083e3651ca8feeb66d492fef35",
                "sha256:5c5d0a3b48ceee0b48485e0c26037c0acd7d29765ca3fbb5cb3831d347423220"
            ],
            "version": "==0.7.0"
        },
        "pure-eval": {
            "hashes": [
                "sha256:01eaab343580944bc56080ebe0a674b39ec44a945e6d09ba7db3cb8cec289350",
                "sha256:2b45320af6dfaa1750f543d714b6d1c520a1688dec6fd24d339063ce0aaa9ac3"
            ],
            "version": "==0.2.2"
        },
        "pygments": {
            "hashes": [
                "sha256:56a8508ae95f98e2b9bdf93a6be5ae3f7d8af858b43e02c5a2ff083726be40c1",
                "sha256:f643f331ab57ba3c9d89212ee4a2dabc6e94f117cf4eefde99a0574720d14c42"
            ],
            "markers": "python_version >= '3.6'",
            "version": "==2.13.0"
        },
        "pyparsing": {
            "hashes": [
                "sha256:2b020ecf7d21b687f219b71ecad3631f644a47f01403fa1d1036b0c6416d70fb",
                "sha256:5026bae9a10eeaefb61dab2f09052b9f4307d44aee4eda64b309723d8d206bbc"
            ],
            "markers": "python_full_version >= '3.6.8'",
            "version": "==3.0.9"
        },
        "setuptools": {
            "hashes": [
                "sha256:7a2e7e95c3bf33f356b4c59aee7a6848585c4219dd3e941e43cc117888f210e4",
                "sha256:c04a012ae3a1b2cc2aeed4893377b70ea61c6c143d0acceea16ec4b60de6e40d"
            ],
            "markers": "python_version >= '3.7'",
            "version": "==65.0.1"
        },
        "six": {
            "hashes": [
                "sha256:1e61c37477a1626458e36f7b1d82aa5c9b094fa4802892072e49de9c60c4c926",
                "sha256:8abb2f1d86890a2dfb989f9a77cfcfd3e47c2a354b01111771326f8aa26e0254"
            ],
            "markers": "python_version >= '2.7' and python_version not in '3.0, 3.1, 3.2, 3.3'",
            "version": "==1.16.0"
        },
        "stack-data": {
            "hashes": [
                "sha256:a90ae7e260f7d15aefeceb46f0a028d4ccb9eb8856475c53e341945342d41ea7",
                "sha256:b94fed36d725cfabc6d09ed5886913e35eed9009766a1af1d5941b9da3a94aaa"
            ],
            "version": "==0.4.0"
        },
        "sympy": {
            "hashes": [
                "sha256:5939eeffdf9e152172601463626c022a2c27e75cf6278de8d401d50c9d58787b",
                "sha256:df75d738930f6fe9ebe7034e59d56698f29e85f443f743e51e47df0caccc2130"
            ],
            "markers": "python_version >= '3.7'",
            "version": "==1.10.1"
        },
        "torch": {
            "hashes": [
                "sha256:03e31c37711db2cd201e02de5826de875529e45a55631d317aadce2f1ed45aa8",
                "sha256:0b44601ec56f7dd44ad8afc00846051162ef9c26a8579dda0a02194327f2d55e",
                "sha256:42e115dab26f60c29e298559dbec88444175528b729ae994ec4c65d56fe267dd",
                "sha256:42f639501928caabb9d1d55ddd17f07cd694de146686c24489ab8c615c2871f2",
                "sha256:4e1b9c14cf13fd2ab8d769529050629a0e68a6fc5cb8e84b4a3cc1dd8c4fe541",
                "sha256:68104e4715a55c4bb29a85c6a8d57d820e0757da363be1ba680fa8cc5be17b52",
                "sha256:69fe2cae7c39ccadd65a123793d30e0db881f1c1927945519c5c17323131437e",
                "sha256:6cf6f54b43c0c30335428195589bd00e764a6d27f3b9ba637aaa8c11aaf93073",
                "sha256:743784ccea0dc8f2a3fe6a536bec8c4763bd82c1352f314937cb4008d4805de1",
                "sha256:8a34a2fbbaa07c921e1b203f59d3d6e00ed379f2b384445773bd14e328a5b6c8",
                "sha256:976c3f997cea38ee91a0dd3c3a42322785414748d1761ef926b789dfa97c6134",
                "sha256:9b356aea223772cd754edb4d9ecf2a025909b8615a7668ac7d5130f86e7ec421",
                "sha256:9c038662db894a23e49e385df13d47b2a777ffd56d9bcd5b832593fab0a7e286",
                "sha256:a8320ba9ad87e80ca5a6a016e46ada4d1ba0c54626e135d99b2129a4541c509d",
                "sha256:b5dbcca369800ce99ba7ae6dee3466607a66958afca3b740690d88168752abcf",
                "sha256:bfec2843daa654f04fda23ba823af03e7b6f7650a873cdb726752d0e3718dada",
                "sha256:cd26d8c5640c3a28c526d41ccdca14cf1cbca0d0f2e14e8263a7ac17194ab1d2",
                "sha256:e9c8f4a311ac29fc7e8e955cfb7733deb5dbe1bdaabf5d4af2765695824b7e0d",
                "sha256:f00c721f489089dc6364a01fd84906348fe02243d0af737f944fddb36003400d",
                "sha256:f3b52a634e62821e747e872084ab32fbcb01b7fa7dbb7471b6218279f02a178a"
            ],
            "index": "pypi",
            "version": "==1.12.1"
        },
        "torchaudio": {
            "hashes": [
                "sha256:075dba92c8c885ef1bc882e24a0ffdcce29a73f4d2377c75d1fa1c76702b37e3",
                "sha256:08f92bc53682d3bad8606dedb70a49e5a0f7cf9306c9173f074dbba97785442e",
                "sha256:142da7f0f05517b32cb54ed6f37997f741ad1bd283474898b680b0dfed7ff926",
                "sha256:186dcaa00b60e441f9c489c00966ecdd7412c2a4592058107f8c3a888cbbf337",
                "sha256:1c839ceb2035c3ea3458e274e9a1afb65f5fa41678e76c3378b218eb23956579",
                "sha256:1d81f71837d5d5be651e85ca9fa9377ecb4513b0129ddfb025540e1c2406d3e6",
                "sha256:21741a277d31f75215a09c1590170055b65c2eceda6aa5a263676745bd97172e",
                "sha256:23dbcf37af2f41d491c0337ca94501ec7ef588adb1766e1eb28033fac549bbd9",
                "sha256:2937756874050cb3249395d7814dacab2c296ce3e5ae3e63397aa4fc902db885",
                "sha256:2fc5a2bc8e8aad475bc519f3c82b9649e14b5c657487ffa712cf7c514143e9d7",
                "sha256:5b06c72da8ea8f8cd3075d7f97e2866b473aceaca08ef871895cd5fafde078bf",
                "sha256:83c08b71a6dc8e23c1d7b00780abb9e4c29528e47a6e644fe3dee7ac2263821e",
                "sha256:a2bc09eee50fb5adc3e40c66bb63d525344bb8359f65d9c600d53ea6212207e6",
                "sha256:a4c8c15b1e810a93bb77b27fa49159bea2253b593ef94039946ec49aef51764f",
                "sha256:ba00c62bae021b8e5a3d38f04788e489e6f8d9eb16620d8c1e81b1e9d4bf1284",
                "sha256:c2f46ad1332d4eb4c5bc2259bad22f7693d1e81cdcf2ab04242bf428d78f161f",
                "sha256:dc138bee06b2305442fc132171f2a01d5f42509eaa21bdf87c3d26a6f4a09fdd",
                "sha256:e82c48b05d941d64cc67a18d13f8e76ba7e852fe9f187b47d3abfbebd1f05195",
                "sha256:f0cc2d4ab4288d5115fab554a49bed6251469dc1548c961655556ec48a3c320e"
            ],
            "index": "pypi",
            "version": "==0.12.1"
        },
        "traitlets": {
            "hashes": [
                "sha256:0bb9f1f9f017aa8ec187d8b1b2a7a6626a2a1d877116baba52a129bfa124f8e2",
                "sha256:65fa18961659635933100db8ca120ef6220555286949774b9cfc106f941d1c7a"
            ],
            "markers": "python_version >= '3.7'",
            "version": "==5.3.0"
        },
        "typing-extensions": {
            "hashes": [
                "sha256:25642c956049920a5aa49edcdd6ab1e06d7e5d467fc00e0506c44ac86fbfca02",
                "sha256:e6d2677a32f47fc7eb2795db1dd15c1f34eff616bcaf2cfb5e997f854fa1c4a6"
            ],
            "markers": "python_version >= '3.7'",
            "version": "==4.3.0"
        },
        "wcwidth": {
            "hashes": [
                "sha256:beb4802a9cebb9144e99086eff703a642a13d6a0052920003a230f3294bbe784",
                "sha256:c4d647b99872929fdb7bdcaa4fbe7f01413ed3d98077df798530e5b04f116c83"
            ],
            "version": "==0.2.5"
        }
    },
    "develop": {}
}
